
Microsoft Visual Studio Solution File, Format Version 12.00
# Visual Studio Version 17
VisualStudioVersion = 17.14.37328.6
MinimumVisualStudioVersion = 10.0.40219.1
Project("{FAE04EC0-301F-11D3-BF4B-00C04F79EFBC}") = "Lavender", "Lavender.csproj", "{8A478C2B-07D6-4FDC-BE22-07A1B6CD5F8E}"
EndProject
Project("{FAE04EC0-301F-11D3-BF4B-00C04F79EFBC}") = "Lavender.McpServer", "Lavender.McpServer\Lavender.McpServer.csproj", "{B4856DEF-CD5B-4C8F-806F-9A0ABA31F5E7}"
EndProject
Global
	GlobalSection(SolutionConfigurationPlatforms) = preSolution
		Debug|Any CPU = Debug|Any CPU
		Debug|x64 = Debug|x64
		Debug|x86 = Debug|x86
		Release|Any CPU = Release|Any CPU
		Release|x64 = Release|x64
		Release|x86 = Release|x86
	EndGlobalSection
	GlobalSection(ProjectConfigurationPlatforms) = postSolution
		{8A478C2B-07D6-4FDC-BE22-07A1B6CD5F8E}.Debug|Any CPU.ActiveCfg = Debug|Any CPU
		{8A478C2B-07D6-4FDC-BE22-07A1B6CD5F8E}.Debug|Any CPU.Build.0 = Debug|Any CPU
		{8A478C2B-07D6-4FDC-BE22-07A1B6CD5F8E}.Debug|x64.ActiveCfg = Debug|Any CPU
		{8A478C2B-07D6-4FDC-BE22-07A1B6CD5F8E}.Debug|x64.Build.0 = Debug|Any CPU
		{8A478C2B-07D6-4FDC-BE22-07A1B6CD5F8E}.Debug|x86.ActiveCfg = Debug|Any CPU
		{8A478C2B-07D6-4FDC-BE22-07A1B6CD5F8E}.Debug|x86.Build.0 = Debug|Any CPU
		{8A478C2B-07D6-4FDC-BE22-07A1B6CD5F8E}.Release|Any CPU.ActiveCfg = Release|Any CPU
		{8A478C2B-07D6-4FDC-BE22-07A1B6CD5F8E}.Release|Any CPU.Build.0 = Release|Any CPU
		{8A478C2B-07D6-4FDC-BE22-07A1B6CD5F8E}.Release|x64.ActiveCfg = Release|Any CPU
		{8A478C2B-07D6-4FDC-BE22-07A1B6CD5F8E}.Release|x64.Build.0 = Release|Any CPU
		{8A478C2B-07D6-4FDC-BE22-07A1B6CD5F8E}.Release|x86.ActiveCfg = Release|Any CPU
		{8A478C2B-07D6-4FDC-BE22-07A1B6CD5F8E}.Release|x86.Build.0 = Release|Any CPU
		{B4856DEF-CD5B-4C8F-806F-9A0ABA31F5E7}.Debug|Any CPU.ActiveCfg = Debug|Any CPU
		{B4856DEF-CD5B-4C8F-806F-9A0ABA31F5E7}.Debug|Any CPU.Build.0 = Debug|Any CPU
		{B4856DEF-CD5B-4C8F-806F-9A0ABA31F5E7}.Debug|x64.ActiveCfg = Debug|Any CPU
		{B4856DEF-CD5B-4C8F-806F-9A0ABA31F5E7}.Debug|x64.Build.0 = Debug|Any CPU
		{B4856DEF-CD5B-4C8F-806F-9A0ABA31F5E7}.Debug|x86.ActiveCfg = Debug|Any CPU
		{B4856DEF-CD5B-4C8F-806F-9A0ABA31F5E7}.Debug|x86.Build.0 = Debug|Any CPU
		{B4856DEF-CD5B-4C8F-806F-9A0ABA31F5E7}.Release|Any CPU.ActiveCfg = Release|Any CPU
		{B4856DEF-CD5B-4C8F-806F-9A0ABA31F5E7}.Release|Any CPU.Build.0 = Release|Any CPU
		{B4856DEF-CD5B-4C8F-806F-9A0ABA31F5E7}.Release|x64.ActiveCfg = Release|Any CPU
		{B4856DEF-CD5B-4C8F-806F-9A0ABA31F5E7}.Release|x64.Build.0 = Release|Any CPU
		{B4856DEF-CD5B-4C8F-806F-9A0ABA31F5E7}.Release|x86.ActiveCfg = Release|Any CPU
		{B4856DEF-CD5B-4C8F-806F-9A0ABA31F5E7}.Release|x86.Build.0 = Release|Any CPU
	EndGlobalSection
	GlobalSection(SolutionProperties) = preSolution
		HideSolutionNode = FALSE
	EndGlobalSection
	GlobalSection(ExtensibilityGlobals) = postSolution
		SolutionGuid = {4AA01F62-F7D4-498A-96CA-31BC20D8D2CC}
	EndGlobalSection
EndGlobal
